// !$*UTF8*$!
{
	archiveVersion = 1;
	classes = {
	};
	objectVersion = 56;
	objects = {

/* Begin PBXBuildFile section */
		3924816C2BA6F16700059495 /* Aspects.m in Sources */ = {isa = PBXBuildFile; fileRef = 3924816B2BA6F16700059495 /* Aspects.m */; };
		394D43832BA96E7B00CCBAF9 /* ReviewViewController.m in Sources */ = {isa = PBXBuildFile; fileRef = 394D43822BA96E7B00CCBAF9 /* ReviewViewController.m */; };
		394D43892BA9B9F700CCBAF9 /* MultiLineViewController.m in Sources */ = {isa = PBXBuildFile; fileRef = 394D43882BA9B9F700CCBAF9 /* MultiLineViewController.m */; };
		39F737442A84D15300015EBD /* AppDelegate.m in Sources */ = {isa = PBXBuildFile; fileRef = 39F737432A84D15300015EBD /* AppDelegate.m */; };
		39F737472A84D15300015EBD /* SceneDelegate.m in Sources */ = {isa = PBXBuildFile; fileRef = 39F737462A84D15300015EBD /* SceneDelegate.m */; };
		39F7374A2A84D15300015EBD /* ViewController.m in Sources */ = {isa = PBXBuildFile; fileRef = 39F737492A84D15300015EBD /* ViewController.m */; };
		39F7374D2A84D15300015EBD /* Main.storyboard in Resources */ = {isa = PBXBuildFile; fileRef = 39F7374B2A84D15300015EBD /* Main.storyboard */; };
		39F7374F2A84D15400015EBD /* Assets.xcassets in Resources */ = {isa = PBXBuildFile; fileRef = 39F7374E2A84D15400015EBD /* Assets.xcassets */; };
		39F737522A84D15400015EBD /* LaunchScreen.storyboard in Resources */ = {isa = PBXBuildFile; fileRef = 39F737502A84D15400015EBD /* LaunchScreen.storyboard */; };
		39F737552A84D15400015EBD /* main.m in Sources */ = {isa = PBXBuildFile; fileRef = 39F737542A84D15400015EBD /* main.m */; };
		4692B1F0EFD04425386C012C /* Pods_MyTestApp.framework in Frameworks */ = {isa = PBXBuildFile; fileRef = B205D76B98BFA3C9CA49398A /* Pods_MyTestApp.framework */; };
/* End PBXBuildFile section */

/* Begin PBXFileReference section */
		3924816A2BA6F16700059495 /* Aspects.h */ = {isa = PBXFileReference; fileEncoding = 4; lastKnownFileType = sourcecode.c.h; path = Aspects.h; sourceTree = "<group>"; };
		3924816B2BA6F16700059495 /* Aspects.m */ = {isa = PBXFileReference; fileEncoding = 4; lastKnownFileType = sourcecode.c.objc; path = Aspects.m; sourceTree = "<group>"; };
		394D43812BA96E7B00CCBAF9 /* ReviewViewController.h */ = {isa = PBXFileReference; lastKnownFileType = sourcecode.c.h; path = ReviewViewController.h; sourceTree = "<group>"; };
		394D43822BA96E7B00CCBAF9 /* ReviewViewController.m */ = {isa = PBXFileReference; lastKnownFileType = sourcecode.c.objc; path = ReviewViewController.m; sourceTree = "<group>"; };
		394D43872BA9B9F700CCBAF9 /* MultiLineViewController.h */ = {isa = PBXFileReference; lastKnownFileType = sourcecode.c.h; path = MultiLineViewController.h; sourceTree = "<group>"; };
		394D43882BA9B9F700CCBAF9 /* MultiLineViewController.m */ = {isa = PBXFileReference; lastKnownFileType = sourcecode.c.objc; path = MultiLineViewController.m; sourceTree = "<group>"; };
		39F7373F2A84D15300015EBD /* MyTestApp.app */ = {isa = PBXFileReference; explicitFileType = wrapper.application; includeInIndex = 0; path = MyTestApp.app; sourceTree = BUILT_PRODUCTS_DIR; };
		39F737422A84D15300015EBD /* AppDelegate.h */ = {isa = PBXFileReference; lastKnownFileType = sourcecode.c.h; path = AppDelegate.h; sourceTree = "<group>"; };
		39F737432A84D15300015EBD /* AppDelegate.m */ = {isa = PBXFileReference; lastKnownFileType = sourcecode.c.objc; path = AppDelegate.m; sourceTree = "<group>"; };
		39F737452A84D15300015EBD /* SceneDelegate.h */ = {isa = PBXFileReference; lastKnownFileType = sourcecode.c.h; path = SceneDelegate.h; sourceTree = "<group>"; };
		39F737462A84D15300015EBD /* SceneDelegate.m */ = {isa = PBXFileReference; lastKnownFileType = sourcecode.c.objc; path = SceneDelegate.m; sourceTree = "<group>"; };
		39F737482A84D15300015EBD /* ViewController.h */ = {isa = PBXFileReference; lastKnownFileType = sourcecode.c.h; path = ViewController.h; sourceTree = "<group>"; };
		39F737492A84D15300015EBD /* ViewController.m */ = {isa = PBXFileReference; lastKnownFileType = sourcecode.c.objc; path = ViewController.m; sourceTree = "<group>"; };
		39F7374C2A84D15300015EBD /* Base */ = {isa = PBXFileReference; lastKnownFileType = file.storyboard; name = Base; path = Base.lproj/Main.storyboard; sourceTree = "<group>"; };
		39F7374E2A84D15400015EBD /* Assets.xcassets */ = {isa = PBXFileReference; lastKnownFileType = folder.assetcatalog; path = Assets.xcassets; sourceTree = "<group>"; };
		39F737512A84D15400015EBD /* Base */ = {isa = PBXFileReference; lastKnownFileType = file.storyboard; name = Base; path = Base.lproj/LaunchScreen.storyboard; sourceTree = "<group>"; };
		39F737532A84D15400015EBD /* Info.plist */ = {isa = PBXFileReference; lastKnownFileType = text.plist.xml; path = Info.plist; sourceTree = "<group>"; };
		39F737542A84D15400015EBD /* main.m */ = {isa = PBXFileReference; lastKnownFileType = sourcecode.c.objc; path = main.m; sourceTree = "<group>"; };
		B205D76B98BFA3C9CA49398A /* Pods_MyTestApp.framework */ = {isa = PBXFileReference; explicitFileType = wrapper.framework; includeInIndex = 0; path = Pods_MyTestApp.framework; sourceTree = BUILT_PRODUCTS_DIR; };
		CEAA30A6510262A49E5827D0 /* Pods-MyTestApp.release.xcconfig */ = {isa = PBXFileReference; includeInIndex = 1; lastKnownFileType = text.xcconfig; name = "Pods-MyTestApp.release.xcconfig"; path = "Target Support Files/Pods-MyTestApp/Pods-MyTestApp.release.xcconfig"; sourceTree = "<group>"; };
		D990585177FF4A5E94339129 /* Pods-MyTestApp.debug.xcconfig */ = {isa = PBXFileReference; includeInIndex = 1; lastKnownFileType = text.xcconfig; name = "Pods-MyTestApp.debug.xcconfig"; path = "Target Support Files/Pods-MyTestApp/Pods-MyTestApp.debug.xcconfig"; sourceTree = "<group>"; };
/* End PBXFileReference section */

/* Begin PBXFrameworksBuildPhase section */
		39F7373C2A84D15300015EBD /* Frameworks */ = {
			isa = PBXFrameworksBuildPhase;
			buildActionMask = 2147483647;
			files = (
				4692B1F0EFD04425386C012C /* Pods_MyTestApp.framework in Frameworks */,
			);
			runOnlyForDeploymentPostprocessing = 0;
		};
/* End PBXFrameworksBuildPhase section */

/* Begin PBXGroup section */
		392481692BA6F16700059495 /* Aspect */ = {
			isa = PBXGroup;
			children = (
				3924816A2BA6F16700059495 /* Aspects.h */,
				3924816B2BA6F16700059495 /* Aspects.m */,
			);
			path = Aspect;
			sourceTree = "<group>";
		};
		394D43852BA96EA800CCBAF9 /* Review */ = {
			isa = PBXGroup;
			children = (
				394D43812BA96E7B00CCBAF9 /* ReviewViewController.h */,
				394D43822BA96E7B00CCBAF9 /* ReviewViewController.m */,
			);
			path = Review;
			sourceTree = "<group>";
		};
		394D43862BA9B9BB00CCBAF9 /* Test */ = {
			isa = PBXGroup;
			children = (
				394D43872BA9B9F700CCBAF9 /* MultiLineViewController.h */,
				394D43882BA9B9F700CCBAF9 /* MultiLineViewController.m */,
			);
			path = Test;
			sourceTree = "<group>";
		};
		39BBE6A6C83117F9A2AD628B /* Pods */ = {
			isa = PBXGroup;
			children = (
				D990585177FF4A5E94339129 /* Pods-MyTestApp.debug.xcconfig */,
				CEAA30A6510262A49E5827D0 /* Pods-MyTestApp.release.xcconfig */,
			);
			path = Pods;
			sourceTree = "<group>";
		};
		39F737362A84D15200015EBD = {
			isa = PBXGroup;
			children = (
				39F737412A84D15300015EBD /* MyTestApp */,
				39F737402A84D15300015EBD /* Products */,
				39BBE6A6C83117F9A2AD628B /* Pods */,
				458B6C86260C51BD9554A647 /* Frameworks */,
			);
			sourceTree = "<group>";
		};
		39F737402A84D15300015EBD /* Products */ = {
			isa = PBXGroup;
			children = (
				39F7373F2A84D15300015EBD /* MyTestApp.app */,
			);
			name = Products;
			sourceTree = "<group>";
		};
		39F737412A84D15300015EBD /* MyTestApp */ = {
			isa = PBXGroup;
			children = (
				394D43862BA9B9BB00CCBAF9 /* Test */,
				394D43852BA96EA800CCBAF9 /* Review */,
				392481692BA6F16700059495 /* Aspect */,
				39F737422A84D15300015EBD /* AppDelegate.h */,
				39F737432A84D15300015EBD /* AppDelegate.m */,
				39F737452A84D15300015EBD /* SceneDelegate.h */,
				39F737462A84D15300015EBD /* SceneDelegate.m */,
				39F737482A84D15300015EBD /* ViewController.h */,
				39F737492A84D15300015EBD /* ViewController.m */,
				39F7374B2A84D15300015EBD /* Main.storyboard */,
				39F7374E2A84D15400015EBD /* Assets.xcassets */,
				39F737502A84D15400015EBD /* LaunchScreen.storyboard */,
				39F737532A84D15400015EBD /* Info.plist */,
				39F737542A84D15400015EBD /* main.m */,
			);
			path = MyTestApp;
			sourceTree = "<group>";
		};
		458B6C86260C51BD9554A647 /* Frameworks */ = {
			isa = PBXGroup;
			children = (
				B205D76B98BFA3C9CA49398A /* Pods_MyTestApp.framework */,
			);
			name = Frameworks;
			sourceTree = "<group>";
		};
/* End PBXGroup section */

/* Begin PBXNativeTarget section */
		39F7373E2A84D15300015EBD /* MyTestApp */ = {
			isa = PBXNativeTarget;
			buildConfigurationList = 39F737582A84D15400015EBD /* Build configuration list for PBXNativeTarget "MyTestApp" */;
			buildPhases = (
				90A6204C580FC7326D959776 /* [CP] Check Pods Manifest.lock */,
				39F7373B2A84D15300015EBD /* Sources */,
				39F7373C2A84D15300015EBD /* Frameworks */,
				39F7373D2A84D15300015EBD /* Resources */,
				5FA015D8CF7B503DAB25EDD8 /* [CP] Embed Pods Frameworks */,
			);
			buildRules = (
			);
			dependencies = (
			);
			name = MyTestApp;
			productName = MyTestApp;
			productReference = 39F7373F2A84D15300015EBD /* MyTestApp.app */;
			productType = "com.apple.product-type.application";
		};
/* End PBXNativeTarget section */

/* Begin PBXProject section */
		39F737372A84D15200015EBD /* Project object */ = {
			isa = PBXProject;
			attributes = {
				BuildIndependentTargetsInParallel = 1;
				LastUpgradeCheck = 1410;
				TargetAttributes = {
					39F7373E2A84D15300015EBD = {
						CreatedOnToolsVersion = 14.1;
					};
				};
			};
			buildConfigurationList = 39F7373A2A84D15200015EBD /* Build configuration list for PBXProject "MyTestApp" */;
			compatibilityVersion = "Xcode 14.0";
			developmentRegion = en;
			hasScannedForEncodings = 0;
			knownRegions = (
				en,
				Base,
			);
			mainGroup = 39F737362A84D15200015EBD;
			productRefGroup = 39F737402A84D15300015EBD /* Products */;
			projectDirPath = "";
			projectRoot = "";
			targets = (
				39F7373E2A84D15300015EBD /* MyTestApp */,
			);
		};
/* End PBXProject section */

/* Begin PBXResourcesBuildPhase section */
		39F7373D2A84D15300015EBD /* Resources */ = {
			isa = PBXResourcesBuildPhase;
			buildActionMask = 2147483647;
			files = (
				39F737522A84D15400015EBD /* LaunchScreen.storyboard in Resources */,
				39F7374F2A84D15400015EBD /* Assets.xcassets in Resources */,
				39F7374D2A84D15300015EBD /* Main.storyboard in Resources */,
			);
			runOnlyForDeploymentPostprocessing = 0;
		};
/* End PBXResourcesBuildPhase section */

/* Begin PBXShellScriptBuildPhase section */
		5FA015D8CF7B503DAB25EDD8 /* [CP] Embed Pods Frameworks */ = {
			isa = PBXShellScriptBuildPhase;
			buildActionMask = 2147483647;
			files = (
			);
			inputFileListPaths = (
				"${PODS_ROOT}/Target Support Files/Pods-MyTestApp/Pods-MyTestApp-frameworks-${CONFIGURATION}-input-files.xcfilelist",
			);
			name = "[CP] Embed Pods Frameworks";
			outputFileListPaths = (
				"${PODS_ROOT}/Target Support Files/Pods-MyTestApp/Pods-MyTestApp-frameworks-${CONFIGURATION}-output-files.xcfilelist",
			);
			runOnlyForDeploymentPostprocessing = 0;
			shellPath = /bin/sh;
			shellScript = "\"${PODS_ROOT}/Target Support Files/Pods-MyTestApp/Pods-MyTestApp-frameworks.sh\"\n";
			showEnvVarsInLog = 0;
		};
		90A6204C580FC7326D959776 /* [CP] Check Pods Manifest.lock */ = {
			isa = PBXShellScriptBuildPhase;
			buildActionMask = 2147483647;
			files = (
			);
			inputFileListPaths = (
			);
			inputPaths = (
				"${PODS_PODFILE_DIR_PATH}/Podfile.lock",
				"${PODS_ROOT}/Manifest.lock",
			);
			name = "[CP] Check Pods Manifest.lock";
			outputFileListPaths = (
			);
			outputPaths = (
				"$(DERIVED_FILE_DIR)/Pods-MyTestApp-checkManifestLockResult.txt",
			);
			runOnlyForDeploymentPostprocessing = 0;
			shellPath = /bin/sh;
			shellScript = "diff \"${PODS_PODFILE_DIR_PATH}/Podfile.lock\" \"${PODS_ROOT}/Manifest.lock\" > /dev/null\nif [ $? != 0 ] ; then\n    # print error to STDERR\n    echo \"error: The sandbox is not in sync with the Podfile.lock. Run 'pod install' or update your CocoaPods installation.\" >&2\n    exit 1\nfi\n# This output is used by Xcode 'outputs' to avoid re-running this script phase.\necho \"SUCCESS\" > \"${SCRIPT_OUTPUT_FILE_0}\"\n";
			showEnvVarsInLog = 0;
		};
/* End PBXShellScriptBuildPhase section */

/* Begin PBXSourcesBuildPhase section */
		39F7373B2A84D15300015EBD /* Sources */ = {
			isa = PBXSourcesBuildPhase;
			buildActionMask = 2147483647;
			files = (
				39F7374A2A84D15300015EBD /* ViewController.m in Sources */,
				394D43832BA96E7B00CCBAF9 /* ReviewViewController.m in Sources */,
				39F737442A84D15300015EBD /* AppDelegate.m in Sources */,
				394D43892BA9B9F700CCBAF9 /* MultiLineViewController.m in Sources */,
				39F737552A84D15400015EBD /* main.m in Sources */,
				39F737472A84D15300015EBD /* SceneDelegate.m in Sources */,
				3924816C2BA6F16700059495 /* Aspects.m in Sources */,
			);
			runOnlyForDeploymentPostprocessing = 0;
		};
/* End PBXSourcesBuildPhase section */

/* Begin PBXVariantGroup section */
		39F7374B2A84D15300015EBD /* Main.storyboard */ = {
			isa = PBXVariantGroup;
			children = (
				39F7374C2A84D15300015EBD /* Base */,
			);
			name = Main.storyboard;
			sourceTree = "<group>";
		};
		39F737502A84D15400015EBD /* LaunchScreen.storyboard */ = {
			isa = PBXVariantGroup;
			children = (
				39F737512A84D15400015EBD /* Base */,
			);
			name = LaunchScreen.storyboard;
			sourceTree = "<group>";
		};
/* End PBXVariantGroup section */

/* Begin XCBuildConfiguration section */
		39F737562A84D15400015EBD /* Debug */ = {
			isa = XCBuildConfiguration;
			buildSettings = {
				ALWAYS_SEARCH_USER_PATHS = NO;
				CLANG_ANALYZER_NONNULL = YES;
				CLANG_ANALYZER_NUMBER_OBJECT_CONVERSION = YES_AGGRESSIVE;
				CLANG_CXX_LANGUAGE_STANDARD = "gnu++20";
				CLANG_ENABLE_MODULES = YES;
				CLANG_ENABLE_OBJC_ARC = YES;
				CLANG_ENABLE_OBJC_WEAK = YES;
				CLANG_WARN_BLOCK_CAPTURE_AUTORELEASING = YES;
				CLANG_WARN_BOOL_CONVERSION = YES;
				CLANG_WARN_COMMA = YES;
				CLANG_WARN_CONSTANT_CONVERSION = YES;
				CLANG_WARN_DEPRECATED_OBJC_IMPLEMENTATIONS = YES;
				CLANG_WARN_DIRECT_OBJC_ISA_USAGE = YES_ERROR;
				CLANG_WARN_DOCUMENTATION_COMMENTS = YES;
				CLANG_WARN_EMPTY_BODY = YES;
				CLANG_WARN_ENUM_CONVERSION = YES;
				CLANG_WARN_INFINITE_RECURSION = YES;
				CLANG_WARN_INT_CONVERSION = YES;
				CLANG_WARN_NON_LITERAL_NULL_CONVERSION = YES;
				CLANG_WARN_OBJC_IMPLICIT_RETAIN_SELF = YES;
				CLANG_WARN_OBJC_LITERAL_CONVERSION = YES;
				CLANG_WARN_OBJC_ROOT_CLASS = YES_ERROR;
				CLANG_WARN_QUOTED_INCLUDE_IN_FRAMEWORK_HEADER = YES;
				CLANG_WARN_RANGE_LOOP_ANALYSIS = YES;
				CLANG_WARN_STRICT_PROTOTYPES = YES;
				CLANG_WARN_SUSPICIOUS_MOVE = YES;
				CLANG_WARN_UNGUARDED_AVAILABILITY = YES_AGGRESSIVE;
				CLANG_WARN_UNREACHABLE_CODE = YES;
				CLANG_WARN__DUPLICATE_METHOD_MATCH = YES;
				COPY_PHASE_STRIP = NO;
				DEBUG_INFORMATION_FORMAT = dwarf;
				ENABLE_STRICT_OBJC_MSGSEND = YES;
				ENABLE_TESTABILITY = YES;
				GCC_C_LANGUAGE_STANDARD = gnu11;
				GCC_DYNAMIC_NO_PIC = NO;
				GCC_NO_COMMON_BLOCKS = YES;
				GCC_OPTIMIZATION_LEVEL = 0;
				GCC_PREPROCESSOR_DEFINITIONS = (
					"DEBUG=1",
					"$(inherited)",
				);
				GCC_WARN_64_TO_32_BIT_CONVERSION = YES;
				GCC_WARN_ABOUT_RETURN_TYPE = YES_ERROR;
				GCC_WARN_UNDECLARED_SELECTOR = YES;
				GCC_WARN_UNINITIALIZED_AUTOS = YES_AGGRESSIVE;
				GCC_WARN_UNUSED_FUNCTION = YES;
				GCC_WARN_UNUSED_VARIABLE = YES;
				IPHONEOS_DEPLOYMENT_TARGET = 11.0;
				MTL_ENABLE_DEBUG_INFO = INCLUDE_SOURCE;
				MTL_FAST_MATH = YES;
				ONLY_ACTIVE_ARCH = YES;
				SDKROOT = iphoneos;
			};
			name = Debug;
		};
		39F737572A84D15400015EBD /* Release */ = {
			isa = XCBuildConfiguration;
			buildSettings = {
				ALWAYS_SEARCH_USER_PATHS = NO;
				CLANG_ANALYZER_NONNULL = YES;
				CLANG_ANALYZER_NUMBER_OBJECT_CONVERSION = YES_AGGRESSIVE;
				CLANG_CXX_LANGUAGE_STANDARD = "gnu++20";
				CLANG_ENABLE_MODULES = YES;
				CLANG_ENABLE_OBJC_ARC = YES;
				CLANG_ENABLE_OBJC_WEAK = YES;
				CLANG_WARN_BLOCK_CAPTURE_AUTORELEASING = YES;
				CLANG_WARN_BOOL_CONVERSION = YES;
				CLANG_WARN_COMMA = YES;
				CLANG_WARN_CONSTANT_CONVERSION = YES;
				CLANG_WARN_DEPRECATED_OBJC_IMPLEMENTATIONS = YES;
				CLANG_WARN_DIRECT_OBJC_ISA_USAGE = YES_ERROR;
				CLANG_WARN_DOCUMENTATION_COMMENTS = YES;
				CLANG_WARN_EMPTY_BODY = YES;
				CLANG_WARN_ENUM_CONVERSION = YES;
				CLANG_WARN_INFINITE_RECURSION = YES;
				CLANG_WARN_INT_CONVERSION = YES;
				CLANG_WARN_NON_LITERAL_NULL_CONVERSION = YES;
				CLANG_WARN_OBJC_IMPLICIT_RETAIN_SELF = YES;
				CLANG_WARN_OBJC_LITERAL_CONVERSION = YES;
				CLANG_WARN_OBJC_ROOT_CLASS = YES_ERROR;
				CLANG_WARN_QUOTED_INCLUDE_IN_FRAMEWORK_HEADER = YES;
				CLANG_WARN_RANGE_LOOP_ANALYSIS = YES;
				CLANG_WARN_STRICT_PROTOTYPES = YES;
				CLANG_WARN_SUSPICIOUS_MOVE = YES;
				CLANG_WARN_UNGUARDED_AVAILABILITY = YES_AGGRESSIVE;
				CLANG_WARN_UNREACHABLE_CODE = YES;
				CLANG_WARN__DUPLICATE_METHOD_MATCH = YES;
				COPY_PHASE_STRIP = NO;
				DEBUG_INFORMATION_FORMAT = "dwarf-with-dsym";
				ENABLE_NS_ASSERTIONS = NO;
				ENABLE_STRICT_OBJC_MSGSEND = YES;
				GCC_C_LANGUAGE_STANDARD = gnu11;
				GCC_NO_COMMON_BLOCKS = YES;
				GCC_WARN_64_TO_32_BIT_CONVERSION = YES;
				GCC_WARN_ABOUT_RETURN_TYPE = YES_ERROR;
				GCC_WARN_UNDECLARED_SELECTOR = YES;
				GCC_WARN_UNINITIALIZED_AUTOS = YES_AGGRESSIVE;
				GCC_WARN_UNUSED_FUNCTION = YES;
				GCC_WARN_UNUSED_VARIABLE = YES;
				IPHONEOS_DEPLOYMENT_TARGET = 11.0;
				MTL_ENABLE_DEBUG_INFO = NO;
				MTL_FAST_MATH = YES;
				SDKROOT = iphoneos;
				VALIDATE_PRODUCT = YES;
			};
			name = Release;
		};
		39F737592A84D15400015EBD /* Debug */ = {
			isa = XCBuildConfiguration;
			baseConfigurationReference = D990585177FF4A5E94339129 /* Pods-MyTestApp.debug.xcconfig */;
			buildSettings = {
				"ARCHS[sdk=iphoneos*]" = arm64;
				ASSETCATALOG_COMPILER_APPICON_NAME = AppIcon;
				ASSETCATALOG_COMPILER_GLOBAL_ACCENT_COLOR_NAME = AccentColor;
				CODE_SIGN_STYLE = Automatic;
				CURRENT_PROJECT_VERSION = 1;
				DEVELOPMENT_TEAM = 94JFPTRDN5;
				ENABLE_BITCODE = NO;
				"EXCLUDED_ARCHS[sdk=iphonesimulator*]" = arm64;
				GENERATE_INFOPLIST_FILE = YES;
				INFOPLIST_FILE = MyTestApp/Info.plist;
				INFOPLIST_KEY_UIApplicationSupportsIndirectInputEvents = YES;
				INFOPLIST_KEY_UILaunchStoryboardName = LaunchScreen;
				INFOPLIST_KEY_UIMainStoryboardFile = Main;
				INFOPLIST_KEY_UISupportedInterfaceOrientations_iPad = "UIInterfaceOrientationPortrait UIInterfaceOrientationPortraitUpsideDown UIInterfaceOrientationLandscapeLeft UIInterfaceOrientationLandscapeRight";
				INFOPLIST_KEY_UISupportedInterfaceOrientations_iPhone = "UIInterfaceOrientationPortrait UIInterfaceOrientationLandscapeLeft UIInterfaceOrientationLandscapeRight";
				IPHONEOS_DEPLOYMENT_TARGET = 11.0;
				LD_RUNPATH_SEARCH_PATHS = (
					"$(inherited)",
					"@executable_path/Frameworks",
				);
				MARKETING_VERSION = 1.0;
				PRODUCT_BUNDLE_IDENTIFIER = com.haotian.test1.MyTestApp;
				PRODUCT_NAME = "$(TARGET_NAME)";
				SWIFT_EMIT_LOC_STRINGS = NO;
				TARGETED_DEVICE_FAMILY = "1,2";
			};
			name = Debug;
		};
		39F7375A2A84D15400015EBD /* Release */ = {
			isa = XCBuildConfiguration;
			baseConfigurationReference = CEAA30A6510262A49E5827D0 /* Pods-MyTestApp.release.xcconfig */;
			buildSettings = {
				"ARCHS[sdk=iphoneos*]" = arm64;
				ASSETCATALOG_COMPILER_APPICON_NAME = AppIcon;
				ASSETCATALOG_COMPILER_GLOBAL_ACCENT_COLOR_NAME = AccentColor;
				CODE_SIGN_STYLE = Automatic;
				CURRENT_PROJECT_VERSION = 1;
				DEVELOPMENT_TEAM = 94JFPTRDN5;
				ENABLE_BITCODE = NO;
				"EXCLUDED_ARCHS[sdk=iphonesimulator*]" = arm64;
				GENERATE_INFOPLIST_FILE = YES;
				INFOPLIST_FILE = MyTestApp/Info.plist;
				INFOPLIST_KEY_UIApplicationSupportsIndirectInputEvents = YES;
				INFOPLIST_KEY_UILaunchStoryboardName = LaunchScreen;
				INFOPLIST_KEY_UIMainStoryboardFile = Main;
				INFOPLIST_KEY_UISupportedInterfaceOrientations_iPad = "UIInterfaceOrientationPortrait UIInterfaceOrientationPortraitUpsideDown UIInterfaceOrientationLandscapeLeft UIInterfaceOrientationLandscapeRight";
				INFOPLIST_KEY_UISupportedInterfaceOrientations_iPhone = "UIInterfaceOrientationPortrait UIInterfaceOrientationLandscapeLeft UIInterfaceOrientationLandscapeRight";
				IPHONEOS_DEPLOYMENT_TARGET = 11.0;
				LD_RUNPATH_SEARCH_PATHS = (
					"$(inherited)",
					"@executable_path/Frameworks",
				);
				MARKETING_VERSION = 1.0;
				PRODUCT_BUNDLE_IDENTIFIER = com.haotian.test1.MyTestApp;
				PRODUCT_NAME = "$(TARGET_NAME)";
				SWIFT_EMIT_LOC_STRINGS = NO;
				TARGETED_DEVICE_FAMILY = "1,2";
			};
			name = Release;
		};
/* End XCBuildConfiguration section */

/* Begin XCConfigurationList section */
		39F7373A2A84D15200015EBD /* Build configuration list for PBXProject "MyTestApp" */ = {
			isa = XCConfigurationList;
			buildConfigurations = (
				39F737562A84D15400015EBD /* Debug */,
				39F737572A84D15400015EBD /* Release */,
			);
			defaultConfigurationIsVisible = 0;
			defaultConfigurationName = Release;
		};
		39F737582A84D15400015EBD /* Build configuration list for PBXNativeTarget "MyTestApp" */ = {
			isa = XCConfigurationList;
			buildConfigurations = (
				39F737592A84D15400015EBD /* Debug */,
				39F7375A2A84D15400015EBD /* Release */,
			);
			defaultConfigurationIsVisible = 0;
			defaultConfigurationName = Release;
		};
/* End XCConfigurationList section */
	};
	rootObject = 39F737372A84D15200015EBD /* Project object */;
}
